<?xml version="1.0" encoding="UTF-8"?>
<CONFIG>
  <ProjectOptions>
    <Version Value="11"/>
    <PathDelim Value="\"/>
    <General>
      <Flags>
        <MainUnitHasCreateFormStatements Value="False"/>
        <MainUnitHasTitleStatement Value="False"/>
        <MainUnitHasScaledStatement Value="False"/>
      </Flags>
      <SessionStorage Value="InProjectDir"/>
      <MainUnit Value="0"/>
      <Title Value="SHR"/>
      <UseAppBundle Value="False"/>
      <ResourceType Value="res"/>
      <Icon Value="0"/>
    </General>
    <BuildModes Count="1">
      <Item1 Name="Default" Default="True"/>
    </BuildModes>
    <PublishOptions>
      <Version Value="2"/>
      <UseFileFilters Value="True"/>
    </PublishOptions>
    <RunParams>
      <FormatVersion Value="2"/>
      <Modes Count="0"/>
    </RunParams>
    <Units Count="16">
      <Unit0>
        <Filename Value="SHR.lpr"/>
        <IsPartOfProject Value="True"/>
        <UnitName Value="SHReloaded"/>
      </Unit0>
      <Unit1>
        <Filename Value="swapbuffershook.pas"/>
        <IsPartOfProject Value="True"/>
        <UnitName Value="Swapbuffershook"/>
      </Unit1>
      <Unit2>
        <Filename Value="main.pas"/>
        <IsPartOfProject Value="True"/>
        <UnitName Value="Main"/>
      </Unit2>
      <Unit3>
        <Filename Value="cplayer.pas"/>
        <IsPartOfProject Value="True"/>
        <UnitName Value="CPlayer"/>
      </Unit3>
      <Unit4>
        <Filename Value="caimbot.pas"/>
        <IsPartOfProject Value="True"/>
        <UnitName Value="CAimbot"/>
      </Unit4>
      <Unit5>
        <Filename Value="cfunctioncaller.pas"/>
        <IsPartOfProject Value="True"/>
        <UnitName Value="CFunctionCaller"/>
      </Unit5>
      <Unit6>
        <Filename Value="cesp.pas"/>
        <IsPartOfProject Value="True"/>
        <UnitName Value="CESP"/>
      </Unit6>
      <Unit7>
        <Filename Value="drawtext.pas"/>
        <IsPartOfProject Value="True"/>
        <UnitName Value="DrawText"/>
      </Unit7>
      <Unit8>
        <Filename Value="cteleportallenemiestoyou.pas"/>
        <IsPartOfProject Value="True"/>
        <UnitName Value="CTeleportAllEnemiesToYou"/>
      </Unit8>
      <Unit9>
        <Filename Value="cnoclip.pas"/>
        <IsPartOfProject Value="True"/>
        <UnitName Value="CNoclip"/>
      </Unit9>
      <Unit10>
        <Filename Value="customtypes.pas"/>
        <IsPartOfProject Value="True"/>
        <UnitName Value="CustomTypes"/>
      </Unit10>
      <Unit11>
        <Filename Value="menu\cmenumain.pas"/>
        <IsPartOfProject Value="True"/>
        <UnitName Value="CMenuMain"/>
      </Unit11>
      <Unit12>
        <Filename Value="menu\controldrawer.pas"/>
        <IsPartOfProject Value="True"/>
      </Unit12>
      <Unit13>
        <Filename Value="menu\cmenuwindow.pas"/>
        <IsPartOfProject Value="True"/>
        <UnitName Value="CMenuWindow"/>
      </Unit13>
      <Unit14>
        <Filename Value="cflagstealer.pas"/>
        <IsPartOfProject Value="True"/>
        <UnitName Value="CFlagStealer"/>
      </Unit14>
      <Unit15>
        <Filename Value="globalvars.pas"/>
        <IsPartOfProject Value="True"/>
      </Unit15>
    </Units>
  </ProjectOptions>
  <CompilerOptions>
    <Version Value="11"/>
    <PathDelim Value="\"/>
    <Target>
      <Filename Value="SHR"/>
    </Target>
    <SearchPaths>
      <IncludeFiles Value="$(ProjOutDir)"/>
      <OtherUnitFiles Value="menu"/>
      <UnitOutputDirectory Value="lib\$(TargetCPU)-$(TargetOS)"/>
    </SearchPaths>
    <Parsing>
      <Style Value="1"/>
    </Parsing>
    <CodeGeneration>
      <SmartLinkUnit Value="True"/>
      <RelocatableUnit Value="True"/>
      <TargetOS Value="win32"/>
      <Optimizations>
        <OptimizationLevel Value="3"/>
      </Optimizations>
    </CodeGeneration>
    <Linking>
      <Debugging>
        <GenerateDebugInfo Value="False"/>
        <UseValgrind Value="True"/>
        <StripSymbols Value="True"/>
      </Debugging>
      <LinkSmart Value="True"/>
      <Options>
        <ExecutableType Value="Library"/>
      </Options>
    </Linking>
    <Other>
      <Verbosity>
        <ShowHints Value="False"/>
      </Verbosity>
    </Other>
  </CompilerOptions>
  <Debugging>
    <Exceptions Count="3">
      <Item1>
        <Name Value="EAbort"/>
      </Item1>
      <Item2>
        <Name Value="ECodetoolError"/>
      </Item2>
      <Item3>
        <Name Value="EFOpenError"/>
      </Item3>
    </Exceptions>
  </Debugging>
</CONFIG>
